
Microsoft Visual Studio Solution File, Format Version 12.00
# Visual Studio 15
VisualStudioVersion = 15.0.28307.1062
MinimumVisualStudioVersion = 10.0.40219.1
Project("{8BC9CEB8-8B4A-11D0-8D11-00A0C91BC942}") = "20210131", "20210131\20210131.vcxproj", "{F002C551-F91C-45B0-B14B-EF6E0B21F1AC}"
EndProject
Global
	GlobalSection(SolutionConfigurationPlatforms) = preSolution
		Debug|x64 = Debug|x64
		Debug|x86 = Debug|x86
		Release|x64 = Release|x64
		Release|x86 = Release|x86
	EndGlobalSection
	GlobalSection(ProjectConfigurationPlatforms) = postSolution
		{F002C551-F91C-45B0-B14B-EF6E0B21F1AC}.Debug|x64.ActiveCfg = Debug|x64
		{F002C551-F91C-45B0-B14B-EF6E0B21F1AC}.Debug|x64.Build.0 = Debug|x64
		{F002C551-F91C-45B0-B14B-EF6E0B21F1AC}.Debug|x86.ActiveCfg = Debug|Win32
		{F002C551-F91C-45B0-B14B-EF6E0B21F1AC}.Debug|x86.Build.0 = Debug|Win32
		{F002C551-F91C-45B0-B14B-EF6E0B21F1AC}.Release|x64.ActiveCfg = Release|x64
		{F002C551-F91C-45B0-B14B-EF6E0B21F1AC}.Release|x64.Build.0 = Release|x64
		{F002C551-F91C-45B0-B14B-EF6E0B21F1AC}.Release|x86.ActiveCfg = Release|Win32
		{F002C551-F91C-45B0-B14B-EF6E0B21F1AC}.Release|x86.Build.0 = Release|Win32
	EndGlobalSection
	GlobalSection(SolutionProperties) = preSolution
		HideSolutionNode = FALSE
	EndGlobalSection
	GlobalSection(ExtensibilityGlobals) = postSolution
		SolutionGuid = {F7B64E00-D46C-42C7-9D61-A9D2EE4EAF42}
	EndGlobalSection
EndGlobal
